
Microsoft Visual Studio Solution File, Format Version 12.00
# Visual Studio Version 16
VisualStudioVersion = 16.0.31515.178
MinimumVisualStudioVersion = 10.0.40219.1
Project("{888888A0-9F3D-457C-B088-3A5042F75D52}") = "alipay rsa2", "alipay rsa2\alipay rsa2.pyproj", "{5C653236-92BD-4F11-9AEA-55CEDB47436A}"
EndProject
Global
	GlobalSection(SolutionConfigurationPlatforms) = preSolution
		Debug|Any CPU = Debug|Any CPU
		Release|Any CPU = Release|Any CPU
	EndGlobalSection
	GlobalSection(ProjectConfigurationPlatforms) = postSolution
		{5C653236-92BD-4F11-9AEA-55CEDB47436A}.Debug|Any CPU.ActiveCfg = Debug|Any CPU
		{5C653236-92BD-4F11-9AEA-55CEDB47436A}.Release|Any CPU.ActiveCfg = Release|Any CPU
	EndGlobalSection
	GlobalSection(SolutionProperties) = preSolution
		HideSolutionNode = FALSE
	EndGlobalSection
	GlobalSection(ExtensibilityGlobals) = postSolution
		SolutionGuid = {C35E2BD4-6B40-4A8D-A0E5-837735BB60B0}
	EndGlobalSection
EndGlobal
